// !$*UTF8*$!
{
	archiveVersion = 1;
	classes = {
	};
	objectVersion = 56;
	objects = {

/* Begin PBXBuildFile section */
		56A509622B560090009F27C1 /* WorldWiseApp.swift in Sources */ = {isa = PBXBuildFile; fileRef = 56A509612B560090009F27C1 /* WorldWiseApp.swift */; };
		56A509642B560090009F27C1 /* ContentView.swift in Sources */ = {isa = PBXBuildFile; fileRef = 56A509632B560090009F27C1 /* ContentView.swift */; };
		56A509662B560091009F27C1 /* Assets.xcassets in Resources */ = {isa = PBXBuildFile; fileRef = 56A509652B560091009F27C1 /* Assets.xcassets */; };
		56A509692B560091009F27C1 /* Preview Assets.xcassets in Resources */ = {isa = PBXBuildFile; fileRef = 56A509682B560091009F27C1 /* Preview Assets.xcassets */; };
		56A509732B5600C3009F27C1 /* Country.swift in Sources */ = {isa = PBXBuildFile; fileRef = 56A509722B5600C3009F27C1 /* Country.swift */; };
		56A509762B5600F4009F27C1 /* CountryViewModel.swift in Sources */ = {isa = PBXBuildFile; fileRef = 56A509752B5600F4009F27C1 /* CountryViewModel.swift */; };
		56E442C52B59D751006B76FF /* NetworkManager.swift in Sources */ = {isa = PBXBuildFile; fileRef = 56E442C42B59D751006B76FF /* NetworkManager.swift */; };
		56E442C72B59D810006B76FF /* CountriesView.swift in Sources */ = {isa = PBXBuildFile; fileRef = 56E442C62B59D810006B76FF /* CountriesView.swift */; };
		56E442CC2B59DFA9006B76FF /* CountriesViewControllerRepresentable.swift in Sources */ = {isa = PBXBuildFile; fileRef = 56E442CB2B59DFA9006B76FF /* CountriesViewControllerRepresentable.swift */; };
		56E442DC2B5A404C006B76FF /* MockURLSession.swift in Sources */ = {isa = PBXBuildFile; fileRef = 56E442DB2B5A404C006B76FF /* MockURLSession.swift */; };
		56E442DE2B5A48C5006B76FF /* NetworkManagerTests.swift in Sources */ = {isa = PBXBuildFile; fileRef = 56E442DD2B5A48C5006B76FF /* NetworkManagerTests.swift */; };
		56E442E32B5B138A006B76FF /* CountryViewModelTests.swift in Sources */ = {isa = PBXBuildFile; fileRef = 56E442E22B5B138A006B76FF /* CountryViewModelTests.swift */; };
		56E442E52B5B13BE006B76FF /* MockNetworkManager.swift in Sources */ = {isa = PBXBuildFile; fileRef = 56E442E42B5B13BE006B76FF /* MockNetworkManager.swift */; };
/* End PBXBuildFile section */

/* Begin PBXContainerItemProxy section */
		56E442D52B5A3E30006B76FF /* PBXContainerItemProxy */ = {
			isa = PBXContainerItemProxy;
			containerPortal = 56A509562B560090009F27C1 /* Project object */;
			proxyType = 1;
			remoteGlobalIDString = 56A5095D2B560090009F27C1;
			remoteInfo = WorldWise;
		};
/* End PBXContainerItemProxy section */

/* Begin PBXFileReference section */
		56A5095E2B560090009F27C1 /* WorldWise.app */ = {isa = PBXFileReference; explicitFileType = wrapper.application; includeInIndex = 0; path = WorldWise.app; sourceTree = BUILT_PRODUCTS_DIR; };
		56A509612B560090009F27C1 /* WorldWiseApp.swift */ = {isa = PBXFileReference; lastKnownFileType = sourcecode.swift; path = WorldWiseApp.swift; sourceTree = "<group>"; };
		56A509632B560090009F27C1 /* ContentView.swift */ = {isa = PBXFileReference; lastKnownFileType = sourcecode.swift; path = ContentView.swift; sourceTree = "<group>"; };
		56A509652B560091009F27C1 /* Assets.xcassets */ = {isa = PBXFileReference; lastKnownFileType = folder.assetcatalog; path = Assets.xcassets; sourceTree = "<group>"; };
		56A509682B560091009F27C1 /* Preview Assets.xcassets */ = {isa = PBXFileReference; lastKnownFileType = folder.assetcatalog; path = "Preview Assets.xcassets"; sourceTree = "<group>"; };
		56A509722B5600C3009F27C1 /* Country.swift */ = {isa = PBXFileReference; lastKnownFileType = sourcecode.swift; path = Country.swift; sourceTree = "<group>"; };
		56A509752B5600F4009F27C1 /* CountryViewModel.swift */ = {isa = PBXFileReference; lastKnownFileType = sourcecode.swift; path = CountryViewModel.swift; sourceTree = "<group>"; };
		56E442C42B59D751006B76FF /* NetworkManager.swift */ = {isa = PBXFileReference; lastKnownFileType = sourcecode.swift; path = NetworkManager.swift; sourceTree = "<group>"; };
		56E442C62B59D810006B76FF /* CountriesView.swift */ = {isa = PBXFileReference; lastKnownFileType = sourcecode.swift; path = CountriesView.swift; sourceTree = "<group>"; };
		56E442CB2B59DFA9006B76FF /* CountriesViewControllerRepresentable.swift */ = {isa = PBXFileReference; lastKnownFileType = sourcecode.swift; path = CountriesViewControllerRepresentable.swift; sourceTree = "<group>"; };
		56E442D12B5A3E30006B76FF /* WorldWiseTests.xctest */ = {isa = PBXFileReference; explicitFileType = wrapper.cfbundle; includeInIndex = 0; path = WorldWiseTests.xctest; sourceTree = BUILT_PRODUCTS_DIR; };
		56E442DB2B5A404C006B76FF /* MockURLSession.swift */ = {isa = PBXFileReference; lastKnownFileType = sourcecode.swift; path = MockURLSession.swift; sourceTree = "<group>"; };
		56E442DD2B5A48C5006B76FF /* NetworkManagerTests.swift */ = {isa = PBXFileReference; lastKnownFileType = sourcecode.swift; path = NetworkManagerTests.swift; sourceTree = "<group>"; };
		56E442E22B5B138A006B76FF /* CountryViewModelTests.swift */ = {isa = PBXFileReference; lastKnownFileType = sourcecode.swift; path = CountryViewModelTests.swift; sourceTree = "<group>"; };
		56E442E42B5B13BE006B76FF /* MockNetworkManager.swift */ = {isa = PBXFileReference; lastKnownFileType = sourcecode.swift; path = MockNetworkManager.swift; sourceTree = "<group>"; };
/* End PBXFileReference section */

/* Begin PBXFrameworksBuildPhase section */
		56A5095B2B560090009F27C1 /* Frameworks */ = {
			isa = PBXFrameworksBuildPhase;
			buildActionMask = 2147483647;
			files = (
			);
			runOnlyForDeploymentPostprocessing = 0;
		};
		56E442CE2B5A3E30006B76FF /* Frameworks */ = {
			isa = PBXFrameworksBuildPhase;
			buildActionMask = 2147483647;
			files = (
			);
			runOnlyForDeploymentPostprocessing = 0;
		};
/* End PBXFrameworksBuildPhase section */

/* Begin PBXGroup section */
		56A509552B560090009F27C1 = {
			isa = PBXGroup;
			children = (
				56A509602B560090009F27C1 /* WorldWise */,
				56E442D22B5A3E30006B76FF /* WorldWiseTests */,
				56A5095F2B560090009F27C1 /* Products */,
			);
			sourceTree = "<group>";
		};
		56A5095F2B560090009F27C1 /* Products */ = {
			isa = PBXGroup;
			children = (
				56A5095E2B560090009F27C1 /* WorldWise.app */,
				56E442D12B5A3E30006B76FF /* WorldWiseTests.xctest */,
			);
			name = Products;
			sourceTree = "<group>";
		};
		56A509602B560090009F27C1 /* WorldWise */ = {
			isa = PBXGroup;
			children = (
				56E442C32B59D6FB006B76FF /* Network */,
				56A509712B5600A5009F27C1 /* ViewModels */,
				56A509702B56009E009F27C1 /* Views */,
				56A5096F2B560098009F27C1 /* Models */,
				56A509612B560090009F27C1 /* WorldWiseApp.swift */,
				56A509632B560090009F27C1 /* ContentView.swift */,
				56A509652B560091009F27C1 /* Assets.xcassets */,
				56A509672B560091009F27C1 /* Preview Content */,
			);
			path = WorldWise;
			sourceTree = "<group>";
		};
		56A509672B560091009F27C1 /* Preview Content */ = {
			isa = PBXGroup;
			children = (
				56A509682B560091009F27C1 /* Preview Assets.xcassets */,
			);
			path = "Preview Content";
			sourceTree = "<group>";
		};
		56A5096F2B560098009F27C1 /* Models */ = {
			isa = PBXGroup;
			children = (
				56A509722B5600C3009F27C1 /* Country.swift */,
			);
			path = Models;
			sourceTree = "<group>";
		};
		56A509702B56009E009F27C1 /* Views */ = {
			isa = PBXGroup;
			children = (
				56E442C62B59D810006B76FF /* CountriesView.swift */,
				56E442CB2B59DFA9006B76FF /* CountriesViewControllerRepresentable.swift */,
			);
			path = Views;
			sourceTree = "<group>";
		};
		56A509712B5600A5009F27C1 /* ViewModels */ = {
			isa = PBXGroup;
			children = (
				56A509752B5600F4009F27C1 /* CountryViewModel.swift */,
			);
			path = ViewModels;
			sourceTree = "<group>";
		};
		56E442C32B59D6FB006B76FF /* Network */ = {
			isa = PBXGroup;
			children = (
				56E442C42B59D751006B76FF /* NetworkManager.swift */,
			);
			path = Network;
			sourceTree = "<group>";
		};
		56E442D22B5A3E30006B76FF /* WorldWiseTests */ = {
			isa = PBXGroup;
			children = (
				56E442DA2B5A4035006B76FF /* Mocks */,
				56E442DD2B5A48C5006B76FF /* NetworkManagerTests.swift */,
				56E442E22B5B138A006B76FF /* CountryViewModelTests.swift */,
			);
			path = WorldWiseTests;
			sourceTree = "<group>";
		};
		56E442DA2B5A4035006B76FF /* Mocks */ = {
			isa = PBXGroup;
			children = (
				56E442DB2B5A404C006B76FF /* MockURLSession.swift */,
				56E442E42B5B13BE006B76FF /* MockNetworkManager.swift */,
			);
			path = Mocks;
			sourceTree = "<group>";
		};
/* End PBXGroup section */

/* Begin PBXNativeTarget section */
		56A5095D2B560090009F27C1 /* WorldWise */ = {
			isa = PBXNativeTarget;
			buildConfigurationList = 56A5096C2B560091009F27C1 /* Build configuration list for PBXNativeTarget "WorldWise" */;
			buildPhases = (
				56A5095A2B560090009F27C1 /* Sources */,
				56A5095B2B560090009F27C1 /* Frameworks */,
				56A5095C2B560090009F27C1 /* Resources */,
				56E442E62B5B2A7C006B76FF /* ShellScript */,
			);
			buildRules = (
			);
			dependencies = (
			);
			name = WorldWise;
			productName = WorldWise;
			productReference = 56A5095E2B560090009F27C1 /* WorldWise.app */;
			productType = "com.apple.product-type.application";
		};
		56E442D02B5A3E30006B76FF /* WorldWiseTests */ = {
			isa = PBXNativeTarget;
			buildConfigurationList = 56E442D72B5A3E30006B76FF /* Build configuration list for PBXNativeTarget "WorldWiseTests" */;
			buildPhases = (
				56E442CD2B5A3E30006B76FF /* Sources */,
				56E442CE2B5A3E30006B76FF /* Frameworks */,
				56E442CF2B5A3E30006B76FF /* Resources */,
			);
			buildRules = (
			);
			dependencies = (
				56E442D62B5A3E30006B76FF /* PBXTargetDependency */,
			);
			name = WorldWiseTests;
			productName = WorldWiseTests;
			productReference = 56E442D12B5A3E30006B76FF /* WorldWiseTests.xctest */;
			productType = "com.apple.product-type.bundle.unit-test";
		};
/* End PBXNativeTarget section */

/* Begin PBXProject section */
		56A509562B560090009F27C1 /* Project object */ = {
			isa = PBXProject;
			attributes = {
				BuildIndependentTargetsInParallel = 1;
				LastSwiftUpdateCheck = 1500;
				LastUpgradeCheck = 1500;
				TargetAttributes = {
					56A5095D2B560090009F27C1 = {
						CreatedOnToolsVersion = 15.0.1;
					};
					56E442D02B5A3E30006B76FF = {
						CreatedOnToolsVersion = 15.0.1;
						TestTargetID = 56A5095D2B560090009F27C1;
					};
				};
			};
			buildConfigurationList = 56A509592B560090009F27C1 /* Build configuration list for PBXProject "WorldWise" */;
			compatibilityVersion = "Xcode 14.0";
			developmentRegion = en;
			hasScannedForEncodings = 0;
			knownRegions = (
				en,
				Base,
			);
			mainGroup = 56A509552B560090009F27C1;
			productRefGroup = 56A5095F2B560090009F27C1 /* Products */;
			projectDirPath = "";
			projectRoot = "";
			targets = (
				56A5095D2B560090009F27C1 /* WorldWise */,
				56E442D02B5A3E30006B76FF /* WorldWiseTests */,
			);
		};
/* End PBXProject section */

/* Begin PBXResourcesBuildPhase section */
		56A5095C2B560090009F27C1 /* Resources */ = {
			isa = PBXResourcesBuildPhase;
			buildActionMask = 2147483647;
			files = (
				56A509692B560091009F27C1 /* Preview Assets.xcassets in Resources */,
				56A509662B560091009F27C1 /* Assets.xcassets in Resources */,
			);
			runOnlyForDeploymentPostprocessing = 0;
		};
		56E442CF2B5A3E30006B76FF /* Resources */ = {
			isa = PBXResourcesBuildPhase;
			buildActionMask = 2147483647;
			files = (
			);
			runOnlyForDeploymentPostprocessing = 0;
		};
/* End PBXResourcesBuildPhase section */

/* Begin PBXShellScriptBuildPhase section */
		56E442E62B5B2A7C006B76FF /* ShellScript */ = {
			isa = PBXShellScriptBuildPhase;
			alwaysOutOfDate = 1;
			buildActionMask = 2147483647;
			files = (
			);
			inputFileListPaths = (
			);
			inputPaths = (
			);
			outputFileListPaths = (
			);
			outputPaths = (
			);
			runOnlyForDeploymentPostprocessing = 0;
			shellPath = /bin/sh;
			shellScript = "# Type a script or drag a script file from your workspace to insert its path.\n";
			showEnvVarsInLog = 0;
		};
/* End PBXShellScriptBuildPhase section */

/* Begin PBXSourcesBuildPhase section */
		56A5095A2B560090009F27C1 /* Sources */ = {
			isa = PBXSourcesBuildPhase;
			buildActionMask = 2147483647;
			files = (
				56A509642B560090009F27C1 /* ContentView.swift in Sources */,
				56A509762B5600F4009F27C1 /* CountryViewModel.swift in Sources */,
				56E442C72B59D810006B76FF /* CountriesView.swift in Sources */,
				56E442C52B59D751006B76FF /* NetworkManager.swift in Sources */,
				56E442CC2B59DFA9006B76FF /* CountriesViewControllerRepresentable.swift in Sources */,
				56A509732B5600C3009F27C1 /* Country.swift in Sources */,
				56A509622B560090009F27C1 /* WorldWiseApp.swift in Sources */,
			);
			runOnlyForDeploymentPostprocessing = 0;
		};
		56E442CD2B5A3E30006B76FF /* Sources */ = {
			isa = PBXSourcesBuildPhase;
			buildActionMask = 2147483647;
			files = (
				56E442DE2B5A48C5006B76FF /* NetworkManagerTests.swift in Sources */,
				56E442E32B5B138A006B76FF /* CountryViewModelTests.swift in Sources */,
				56E442DC2B5A404C006B76FF /* MockURLSession.swift in Sources */,
				56E442E52B5B13BE006B76FF /* MockNetworkManager.swift in Sources */,
			);
			runOnlyForDeploymentPostprocessing = 0;
		};
/* End PBXSourcesBuildPhase section */

/* Begin PBXTargetDependency section */
		56E442D62B5A3E30006B76FF /* PBXTargetDependency */ = {
			isa = PBXTargetDependency;
			target = 56A5095D2B560090009F27C1 /* WorldWise */;
			targetProxy = 56E442D52B5A3E30006B76FF /* PBXContainerItemProxy */;
		};
/* End PBXTargetDependency section */

/* Begin XCBuildConfiguration section */
		56A5096A2B560091009F27C1 /* Debug */ = {
			isa = XCBuildConfiguration;
			buildSettings = {
				ALWAYS_SEARCH_USER_PATHS = NO;
				ASSETCATALOG_COMPILER_GENERATE_SWIFT_ASSET_SYMBOL_EXTENSIONS = YES;
				CLANG_ANALYZER_NONNULL = YES;
				CLANG_ANALYZER_NUMBER_OBJECT_CONVERSION = YES_AGGRESSIVE;
				CLANG_CXX_LANGUAGE_STANDARD = "gnu++20";
				CLANG_ENABLE_MODULES = YES;
				CLANG_ENABLE_OBJC_ARC = YES;
				CLANG_ENABLE_OBJC_WEAK = YES;
				CLANG_WARN_BLOCK_CAPTURE_AUTORELEASING = YES;
				CLANG_WARN_BOOL_CONVERSION = YES;
				CLANG_WARN_COMMA = YES;
				CLANG_WARN_CONSTANT_CONVERSION = YES;
				CLANG_WARN_DEPRECATED_OBJC_IMPLEMENTATIONS = YES;
				CLANG_WARN_DIRECT_OBJC_ISA_USAGE = YES_ERROR;
				CLANG_WARN_DOCUMENTATION_COMMENTS = YES;
				CLANG_WARN_EMPTY_BODY = YES;
				CLANG_WARN_ENUM_CONVERSION = YES;
				CLANG_WARN_INFINITE_RECURSION = YES;
				CLANG_WARN_INT_CONVERSION = YES;
				CLANG_WARN_NON_LITERAL_NULL_CONVERSION = YES;
				CLANG_WARN_OBJC_IMPLICIT_RETAIN_SELF = YES;
				CLANG_WARN_OBJC_LITERAL_CONVERSION = YES;
				CLANG_WARN_OBJC_ROOT_CLASS = YES_ERROR;
				CLANG_WARN_QUOTED_INCLUDE_IN_FRAMEWORK_HEADER = YES;
				CLANG_WARN_RANGE_LOOP_ANALYSIS = YES;
				CLANG_WARN_STRICT_PROTOTYPES = YES;
				CLANG_WARN_SUSPICIOUS_MOVE = YES;
				CLANG_WARN_UNGUARDED_AVAILABILITY = YES_AGGRESSIVE;
				CLANG_WARN_UNREACHABLE_CODE = YES;
				CLANG_WARN__DUPLICATE_METHOD_MATCH = YES;
				COPY_PHASE_STRIP = NO;
				DEBUG_INFORMATION_FORMAT = dwarf;
				ENABLE_STRICT_OBJC_MSGSEND = YES;
				ENABLE_TESTABILITY = YES;
				ENABLE_USER_SCRIPT_SANDBOXING = YES;
				GCC_C_LANGUAGE_STANDARD = gnu17;
				GCC_DYNAMIC_NO_PIC = NO;
				GCC_NO_COMMON_BLOCKS = YES;
				GCC_OPTIMIZATION_LEVEL = 0;
				GCC_PREPROCESSOR_DEFINITIONS = (
					"DEBUG=1",
					"$(inherited)",
				);
				GCC_WARN_64_TO_32_BIT_CONVERSION = YES;
				GCC_WARN_ABOUT_RETURN_TYPE = YES_ERROR;
				GCC_WARN_UNDECLARED_SELECTOR = YES;
				GCC_WARN_UNINITIALIZED_AUTOS = YES_AGGRESSIVE;
				GCC_WARN_UNUSED_FUNCTION = YES;
				GCC_WARN_UNUSED_VARIABLE = YES;
				IPHONEOS_DEPLOYMENT_TARGET = 17.0;
				LOCALIZATION_PREFERS_STRING_CATALOGS = YES;
				MTL_ENABLE_DEBUG_INFO = INCLUDE_SOURCE;
				MTL_FAST_MATH = YES;
				ONLY_ACTIVE_ARCH = YES;
				SDKROOT = iphoneos;
				SWIFT_ACTIVE_COMPILATION_CONDITIONS = "DEBUG $(inherited)";
				SWIFT_OPTIMIZATION_LEVEL = "-Onone";
			};
			name = Debug;
		};
		56A5096B2B560091009F27C1 /* Release */ = {
			isa = XCBuildConfiguration;
			buildSettings = {
				ALWAYS_SEARCH_USER_PATHS = NO;
				ASSETCATALOG_COMPILER_GENERATE_SWIFT_ASSET_SYMBOL_EXTENSIONS = YES;
				CLANG_ANALYZER_NONNULL = YES;
				CLANG_ANALYZER_NUMBER_OBJECT_CONVERSION = YES_AGGRESSIVE;
				CLANG_CXX_LANGUAGE_STANDARD = "gnu++20";
				CLANG_ENABLE_MODULES = YES;
				CLANG_ENABLE_OBJC_ARC = YES;
				CLANG_ENABLE_OBJC_WEAK = YES;
				CLANG_WARN_BLOCK_CAPTURE_AUTORELEASING = YES;
				CLANG_WARN_BOOL_CONVERSION = YES;
				CLANG_WARN_COMMA = YES;
				CLANG_WARN_CONSTANT_CONVERSION = YES;
				CLANG_WARN_DEPRECATED_OBJC_IMPLEMENTATIONS = YES;
				CLANG_WARN_DIRECT_OBJC_ISA_USAGE = YES_ERROR;
				CLANG_WARN_DOCUMENTATION_COMMENTS = YES;
				CLANG_WARN_EMPTY_BODY = YES;
				CLANG_WARN_ENUM_CONVERSION = YES;
				CLANG_WARN_INFINITE_RECURSION = YES;
				CLANG_WARN_INT_CONVERSION = YES;
				CLANG_WARN_NON_LITERAL_NULL_CONVERSION = YES;
				CLANG_WARN_OBJC_IMPLICIT_RETAIN_SELF = YES;
				CLANG_WARN_OBJC_LITERAL_CONVERSION = YES;
				CLANG_WARN_OBJC_ROOT_CLASS = YES_ERROR;
				CLANG_WARN_QUOTED_INCLUDE_IN_FRAMEWORK_HEADER = YES;
				CLANG_WARN_RANGE_LOOP_ANALYSIS = YES;
				CLANG_WARN_STRICT_PROTOTYPES = YES;
				CLANG_WARN_SUSPICIOUS_MOVE = YES;
				CLANG_WARN_UNGUARDED_AVAILABILITY = YES_AGGRESSIVE;
				CLANG_WARN_UNREACHABLE_CODE = YES;
				CLANG_WARN__DUPLICATE_METHOD_MATCH = YES;
				COPY_PHASE_STRIP = NO;
				DEBUG_INFORMATION_FORMAT = "dwarf-with-dsym";
				ENABLE_NS_ASSERTIONS = NO;
				ENABLE_STRICT_OBJC_MSGSEND = YES;
				ENABLE_USER_SCRIPT_SANDBOXING = YES;
				GCC_C_LANGUAGE_STANDARD = gnu17;
				GCC_NO_COMMON_BLOCKS = YES;
				GCC_WARN_64_TO_32_BIT_CONVERSION = YES;
				GCC_WARN_ABOUT_RETURN_TYPE = YES_ERROR;
				GCC_WARN_UNDECLARED_SELECTOR = YES;
				GCC_WARN_UNINITIALIZED_AUTOS = YES_AGGRESSIVE;
				GCC_WARN_UNUSED_FUNCTION = YES;
				GCC_WARN_UNUSED_VARIABLE = YES;
				IPHONEOS_DEPLOYMENT_TARGET = 17.0;
				LOCALIZATION_PREFERS_STRING_CATALOGS = YES;
				MTL_ENABLE_DEBUG_INFO = NO;
				MTL_FAST_MATH = YES;
				SDKROOT = iphoneos;
				SWIFT_COMPILATION_MODE = wholemodule;
				VALIDATE_PRODUCT = YES;
			};
			name = Release;
		};
		56A5096D2B560091009F27C1 /* Debug */ = {
			isa = XCBuildConfiguration;
			buildSettings = {
				ASSETCATALOG_COMPILER_APPICON_NAME = AppIcon;
				ASSETCATALOG_COMPILER_GLOBAL_ACCENT_COLOR_NAME = AccentColor;
				CODE_SIGN_STYLE = Automatic;
				CURRENT_PROJECT_VERSION = 1;
				DEVELOPMENT_ASSET_PATHS = "\"WorldWise/Preview Content\"";
				DEVELOPMENT_TEAM = YNS6YXH239;
				ENABLE_PREVIEWS = YES;
				GENERATE_INFOPLIST_FILE = YES;
				INFOPLIST_KEY_UIApplicationSceneManifest_Generation = YES;
				INFOPLIST_KEY_UIApplicationSupportsIndirectInputEvents = YES;
				INFOPLIST_KEY_UILaunchScreen_Generation = YES;
				INFOPLIST_KEY_UISupportedInterfaceOrientations_iPad = "UIInterfaceOrientationPortrait UIInterfaceOrientationPortraitUpsideDown UIInterfaceOrientationLandscapeLeft UIInterfaceOrientationLandscapeRight";
				INFOPLIST_KEY_UISupportedInterfaceOrientations_iPhone = "UIInterfaceOrientationPortrait UIInterfaceOrientationLandscapeLeft UIInterfaceOrientationLandscapeRight";
				LD_RUNPATH_SEARCH_PATHS = (
					"$(inherited)",
					"@executable_path/Frameworks",
				);
				MARKETING_VERSION = 1.0;
				PRODUCT_BUNDLE_IDENTIFIER = com.hshardik.WorldWise;
				PRODUCT_NAME = "$(TARGET_NAME)";
				SWIFT_EMIT_LOC_STRINGS = YES;
				SWIFT_VERSION = 5.0;
				TARGETED_DEVICE_FAMILY = "1,2";
			};
			name = Debug;
		};
		56A5096E2B560091009F27C1 /* Release */ = {
			isa = XCBuildConfiguration;
			buildSettings = {
				ASSETCATALOG_COMPILER_APPICON_NAME = AppIcon;
				ASSETCATALOG_COMPILER_GLOBAL_ACCENT_COLOR_NAME = AccentColor;
				CODE_SIGN_STYLE = Automatic;
				CURRENT_PROJECT_VERSION = 1;
				DEVELOPMENT_ASSET_PATHS = "\"WorldWise/Preview Content\"";
				DEVELOPMENT_TEAM = YNS6YXH239;
				ENABLE_PREVIEWS = YES;
				GENERATE_INFOPLIST_FILE = YES;
				INFOPLIST_KEY_UIApplicationSceneManifest_Generation = YES;
				INFOPLIST_KEY_UIApplicationSupportsIndirectInputEvents = YES;
				INFOPLIST_KEY_UILaunchScreen_Generation = YES;
				INFOPLIST_KEY_UISupportedInterfaceOrientations_iPad = "UIInterfaceOrientationPortrait UIInterfaceOrientationPortraitUpsideDown UIInterfaceOrientationLandscapeLeft UIInterfaceOrientationLandscapeRight";
				INFOPLIST_KEY_UISupportedInterfaceOrientations_iPhone = "UIInterfaceOrientationPortrait UIInterfaceOrientationLandscapeLeft UIInterfaceOrientationLandscapeRight";
				LD_RUNPATH_SEARCH_PATHS = (
					"$(inherited)",
					"@executable_path/Frameworks",
				);
				MARKETING_VERSION = 1.0;
				PRODUCT_BUNDLE_IDENTIFIER = com.hshardik.WorldWise;
				PRODUCT_NAME = "$(TARGET_NAME)";
				SWIFT_EMIT_LOC_STRINGS = YES;
				SWIFT_VERSION = 5.0;
				TARGETED_DEVICE_FAMILY = "1,2";
			};
			name = Release;
		};
		56E442D82B5A3E30006B76FF /* Debug */ = {
			isa = XCBuildConfiguration;
			buildSettings = {
				BUNDLE_LOADER = "$(TEST_HOST)";
				CODE_SIGN_STYLE = Automatic;
				CURRENT_PROJECT_VERSION = 1;
				DEVELOPMENT_TEAM = YNS6YXH239;
				GENERATE_INFOPLIST_FILE = YES;
				MARKETING_VERSION = 1.0;
				PRODUCT_BUNDLE_IDENTIFIER = com.hshardik.WorldWiseTests;
				PRODUCT_NAME = "$(TARGET_NAME)";
				SWIFT_EMIT_LOC_STRINGS = NO;
				SWIFT_VERSION = 5.0;
				TARGETED_DEVICE_FAMILY = "1,2";
				TEST_HOST = "$(BUILT_PRODUCTS_DIR)/WorldWise.app/$(BUNDLE_EXECUTABLE_FOLDER_PATH)/WorldWise";
			};
			name = Debug;
		};
		56E442D92B5A3E30006B76FF /* Release */ = {
			isa = XCBuildConfiguration;
			buildSettings = {
				BUNDLE_LOADER = "$(TEST_HOST)";
				CODE_SIGN_STYLE = Automatic;
				CURRENT_PROJECT_VERSION = 1;
				DEVELOPMENT_TEAM = YNS6YXH239;
				GENERATE_INFOPLIST_FILE = YES;
				MARKETING_VERSION = 1.0;
				PRODUCT_BUNDLE_IDENTIFIER = com.hshardik.WorldWiseTests;
				PRODUCT_NAME = "$(TARGET_NAME)";
				SWIFT_EMIT_LOC_STRINGS = NO;
				SWIFT_VERSION = 5.0;
				TARGETED_DEVICE_FAMILY = "1,2";
				TEST_HOST = "$(BUILT_PRODUCTS_DIR)/WorldWise.app/$(BUNDLE_EXECUTABLE_FOLDER_PATH)/WorldWise";
			};
			name = Release;
		};
/* End XCBuildConfiguration section */

/* Begin XCConfigurationList section */
		56A509592B560090009F27C1 /* Build configuration list for PBXProject "WorldWise" */ = {
			isa = XCConfigurationList;
			buildConfigurations = (
				56A5096A2B560091009F27C1 /* Debug */,
				56A5096B2B560091009F27C1 /* Release */,
			);
			defaultConfigurationIsVisible = 0;
			defaultConfigurationName = Release;
		};
		56A5096C2B560091009F27C1 /* Build configuration list for PBXNativeTarget "WorldWise" */ = {
			isa = XCConfigurationList;
			buildConfigurations = (
				56A5096D2B560091009F27C1 /* Debug */,
				56A5096E2B560091009F27C1 /* Release */,
			);
			defaultConfigurationIsVisible = 0;
			defaultConfigurationName = Release;
		};
		56E442D72B5A3E30006B76FF /* Build configuration list for PBXNativeTarget "WorldWiseTests" */ = {
			isa = XCConfigurationList;
			buildConfigurations = (
				56E442D82B5A3E30006B76FF /* Debug */,
				56E442D92B5A3E30006B76FF /* Release */,
			);
			defaultConfigurationIsVisible = 0;
			defaultConfigurationName = Release;
		};
/* End XCConfigurationList section */
	};
	rootObject = 56A509562B560090009F27C1 /* Project object */;
}
